
Microsoft Visual Studio Solution File, Format Version 12.00
# Visual Studio Version 16
VisualStudioVersion = 16.0.29418.71
MinimumVisualStudioVersion = 10.0.40219.1
Project("{9A19103F-16F7-4668-BE54-9A1E7A4F7556}") = "Blazor.SettlersOfCatan", "Blazor.SettlersOfCatan\Blazor.SettlersOfCatan.csproj", "{1BE40E75-D4F3-4265-AF58-F88A307CF242}"
EndProject
Global
	GlobalSection(SolutionConfigurationPlatforms) = preSolution
		Debug|Any CPU = Debug|Any CPU
		Release|Any CPU = Release|Any CPU
	EndGlobalSection
	GlobalSection(ProjectConfigurationPlatforms) = postSolution
		{1BE40E75-D4F3-4265-AF58-F88A307CF242}.Debug|Any CPU.ActiveCfg = Debug|Any CPU
		{1BE40E75-D4F3-4265-AF58-F88A307CF242}.Debug|Any CPU.Build.0 = Debug|Any CPU
		{1BE40E75-D4F3-4265-AF58-F88A307CF242}.Release|Any CPU.ActiveCfg = Release|Any CPU
		{1BE40E75-D4F3-4265-AF58-F88A307CF242}.Release|Any CPU.Build.0 = Release|Any CPU
	EndGlobalSection
	GlobalSection(SolutionProperties) = preSolution
		HideSolutionNode = FALSE
	EndGlobalSection
	GlobalSection(ExtensibilityGlobals) = postSolution
		SolutionGuid = {2021997E-B66D-4806-855C-89E4106F993A}
	EndGlobalSection
EndGlobal
